
Microsoft Visual Studio Solution File, Format Version 12.00
# Visual Studio Version 17
VisualStudioVersion = 17.2.32616.157
MinimumVisualStudioVersion = 10.0.40219.1
Project("{FAE04EC0-301F-11D3-BF4B-00C04F79EFBC}") = "Deklaracja", "Deklaracja\Deklaracja.csproj", "{4E35E7D2-7A28-4147-8DC0-7FD7643E1D42}"
EndProject
Global
	GlobalSection(SolutionConfigurationPlatforms) = preSolution
		Debug|Any CPU = Debug|Any CPU
		Release|Any CPU = Release|Any CPU
	EndGlobalSection
	GlobalSection(ProjectConfigurationPlatforms) = postSolution
		{4E35E7D2-7A28-4147-8DC0-7FD7643E1D42}.Debug|Any CPU.ActiveCfg = Debug|Any CPU
		{4E35E7D2-7A28-4147-8DC0-7FD7643E1D42}.Debug|Any CPU.Build.0 = Debug|Any CPU
		{4E35E7D2-7A28-4147-8DC0-7FD7643E1D42}.Release|Any CPU.ActiveCfg = Release|Any CPU
		{4E35E7D2-7A28-4147-8DC0-7FD7643E1D42}.Release|Any CPU.Build.0 = Release|Any CPU
	EndGlobalSection
	GlobalSection(SolutionProperties) = preSolution
		HideSolutionNode = FALSE
	EndGlobalSection
	GlobalSection(ExtensibilityGlobals) = postSolution
		SolutionGuid = {3F58B992-AB26-4FA0-8FB1-B5E836CE7257}
	EndGlobalSection
EndGlobal
